
Microsoft Visual Studio Solution File, Format Version 12.00
Project("{FAE04EC0-301F-11D3-BF4B-00C04F79EFBC}") = "Advent of code 2024", "Advent of code 2024\Advent of code 2024.csproj", "{7F732C20-DEED-4186-9F51-D30BA8CD2F07}"
EndProject
Project("{FAE04EC0-301F-11D3-BF4B-00C04F79EFBC}") = "Advent of code 2024 Perf", "Advent of code 2024 Perf\Advent of code 2024 Perf.csproj", "{28F0813A-6A9D-45A4-85D4-4CDF04D726DB}"
EndProject
Global
	GlobalSection(SolutionConfigurationPlatforms) = preSolution
		Debug|Any CPU = Debug|Any CPU
		Release|Any CPU = Release|Any CPU
	EndGlobalSection
	GlobalSection(ProjectConfigurationPlatforms) = postSolution
		{7F732C20-DEED-4186-9F51-D30BA8CD2F07}.Debug|Any CPU.ActiveCfg = Debug|Any CPU
		{7F732C20-DEED-4186-9F51-D30BA8CD2F07}.Debug|Any CPU.Build.0 = Debug|Any CPU
		{7F732C20-DEED-4186-9F51-D30BA8CD2F07}.Release|Any CPU.ActiveCfg = Release|Any CPU
		{7F732C20-DEED-4186-9F51-D30BA8CD2F07}.Release|Any CPU.Build.0 = Release|Any CPU
		{28F0813A-6A9D-45A4-85D4-4CDF04D726DB}.Debug|Any CPU.ActiveCfg = Debug|Any CPU
		{28F0813A-6A9D-45A4-85D4-4CDF04D726DB}.Debug|Any CPU.Build.0 = Debug|Any CPU
		{28F0813A-6A9D-45A4-85D4-4CDF04D726DB}.Release|Any CPU.ActiveCfg = Release|Any CPU
		{28F0813A-6A9D-45A4-85D4-4CDF04D726DB}.Release|Any CPU.Build.0 = Release|Any CPU
	EndGlobalSection
EndGlobal
